// !$*UTF8*$!
{
	archiveVersion = 1;
	classes = {
	};
	objectVersion = 51;
	objects = {

/* Begin PBXBuildFile section */
		130A4E3A3754589CBD111E59 /* Pods_ClassesApp.framework in Frameworks */ = {isa = PBXBuildFile; fileRef = 1DF89CD07824847B175A2BFA /* Pods_ClassesApp.framework */; };
		19F34AF58A1794D26EF3FACC /* Pods_ClassesApp_ClassesAppUITests.framework in Frameworks */ = {isa = PBXBuildFile; fileRef = 2AC36A4D936BE7CD3B984084 /* Pods_ClassesApp_ClassesAppUITests.framework */; };
		387A636A0B5683E30416CBC1 /* Pods_ClassesAppTests.framework in Frameworks */ = {isa = PBXBuildFile; fileRef = 1CD1F71F095CCBA58547F6AB /* Pods_ClassesAppTests.framework */; };
		9A08BCA22446102C00DC4B40 /* StorePopUpController.swift in Sources */ = {isa = PBXBuildFile; fileRef = 9A08BCA02446102C00DC4B40 /* StorePopUpController.swift */; };
		9A08BCA32446102C00DC4B40 /* StorePopUpController.xib in Resources */ = {isa = PBXBuildFile; fileRef = 9A08BCA12446102C00DC4B40 /* StorePopUpController.xib */; };
		9A1BA9EB243420400087622D /* SettingsController.swift in Sources */ = {isa = PBXBuildFile; fileRef = 9A1BA9EA243420400087622D /* SettingsController.swift */; };
		9A21C7EA2452A7D000355CC2 /* NotifcationStatusController.swift in Sources */ = {isa = PBXBuildFile; fileRef = 9A21C7E82452A7D000355CC2 /* NotifcationStatusController.swift */; };
		9A21C7EB2452A7D000355CC2 /* NotifcationStatusController.xib in Resources */ = {isa = PBXBuildFile; fileRef = 9A21C7E92452A7D000355CC2 /* NotifcationStatusController.xib */; };
		9A31D142243430BA00C05EA1 /* StartScreenAnimation.swift in Sources */ = {isa = PBXBuildFile; fileRef = 9A31D141243430BA00C05EA1 /* StartScreenAnimation.swift */; };
		9A3D4A042456A4990073C0F7 /* WebController.swift in Sources */ = {isa = PBXBuildFile; fileRef = 9A3D4A032456A4990073C0F7 /* WebController.swift */; };
		9A3D4A0624576A100073C0F7 /* Course.swift in Sources */ = {isa = PBXBuildFile; fileRef = 9A3D4A0524576A0F0073C0F7 /* Course.swift */; };
		9A3D4A09245776A30073C0F7 /* AddToListController.swift in Sources */ = {isa = PBXBuildFile; fileRef = 9A3D4A07245776A30073C0F7 /* AddToListController.swift */; };
		9A3D4A0A245776A30073C0F7 /* AddToListController.xib in Resources */ = {isa = PBXBuildFile; fileRef = 9A3D4A08245776A30073C0F7 /* AddToListController.xib */; };
		9A40E7F2243857B90070A410 /* StripeAPI.swift in Sources */ = {isa = PBXBuildFile; fileRef = 9A40E7F1243857B90070A410 /* StripeAPI.swift */; };
		9A445419242D959300089389 /* UserService.swift in Sources */ = {isa = PBXBuildFile; fileRef = 9A445418242D959300089389 /* UserService.swift */; };
		9A445621245B2ED50054521A /* ChangeSchoolController.swift in Sources */ = {isa = PBXBuildFile; fileRef = 9A44561F245B2ED50054521A /* ChangeSchoolController.swift */; };
		9A445622245B2ED50054521A /* ChangeSchoolController.xib in Resources */ = {isa = PBXBuildFile; fileRef = 9A445620245B2ED50054521A /* ChangeSchoolController.xib */; };
		9A4D254A246691F400CC6B2A /* PlainTextCell.swift in Sources */ = {isa = PBXBuildFile; fileRef = 9A4D2549246691F400CC6B2A /* PlainTextCell.swift */; };
		9A4D254E246692C700CC6B2A /* FAQController.swift in Sources */ = {isa = PBXBuildFile; fileRef = 9A4D254D246692C700CC6B2A /* FAQController.swift */; };
		9A652A31244CCA6200366229 /* AppConstants.swift in Sources */ = {isa = PBXBuildFile; fileRef = 9A652A30244CCA6200366229 /* AppConstants.swift */; };
		9A73F1CD2445A4980004AF54 /* StoreController.swift in Sources */ = {isa = PBXBuildFile; fileRef = 9A73F1CC2445A4980004AF54 /* StoreController.swift */; };
		9A73F1CF2445A5580004AF54 /* StoreCell.swift in Sources */ = {isa = PBXBuildFile; fileRef = 9A73F1CE2445A5580004AF54 /* StoreCell.swift */; };
		9A7B46A3244FAB1100B4D7A0 /* CreditCell.swift in Sources */ = {isa = PBXBuildFile; fileRef = 9A7B46A2244FAB1100B4D7A0 /* CreditCell.swift */; };
		9A7B46A5244FAB6F00B4D7A0 /* CreditsController.swift in Sources */ = {isa = PBXBuildFile; fileRef = 9A7B46A4244FAB6F00B4D7A0 /* CreditsController.swift */; };
		9A7E051A244131D2002E9803 /* ToggleEmailsController.swift in Sources */ = {isa = PBXBuildFile; fileRef = 9A7E0518244131D2002E9803 /* ToggleEmailsController.swift */; };
		9A7E051B244131D2002E9803 /* ToggleEmailsController.xib in Resources */ = {isa = PBXBuildFile; fileRef = 9A7E0519244131D2002E9803 /* ToggleEmailsController.xib */; };
		9A7E051D244189E8002E9803 /* ServerService.swift in Sources */ = {isa = PBXBuildFile; fileRef = 9A7E051C244189E8002E9803 /* ServerService.swift */; };
		9A8533F6243D6BF300F7197F /* ForgotPasswordController.swift in Sources */ = {isa = PBXBuildFile; fileRef = 9A8533F4243D6BE100F7197F /* ForgotPasswordController.swift */; };
		9A8533F7243D6BF300F7197F /* ForgotPasswordController.xib in Resources */ = {isa = PBXBuildFile; fileRef = 9A8533F5243D6BF300F7197F /* ForgotPasswordController.xib */; };
		9A8533FB243D6CB200F7197F /* SettingsLabelCell.swift in Sources */ = {isa = PBXBuildFile; fileRef = 9A8533FA243D6CB200F7197F /* SettingsLabelCell.swift */; };
		9A8533FD243D7F2700F7197F /* PurchaseHistoryCell.swift in Sources */ = {isa = PBXBuildFile; fileRef = 9A8533FC243D7F2700F7197F /* PurchaseHistoryCell.swift */; };
		9A8533FF243D81D100F7197F /* TitleCell.swift in Sources */ = {isa = PBXBuildFile; fileRef = 9A8533FE243D81D100F7197F /* TitleCell.swift */; };
		9A8CF973242C3F43008D0DC6 /* SplashScreenController.swift in Sources */ = {isa = PBXBuildFile; fileRef = 9A8CF972242C3F43008D0DC6 /* SplashScreenController.swift */; };
		9A8CF975242C48FA008D0DC6 /* LogInController.swift in Sources */ = {isa = PBXBuildFile; fileRef = 9A8CF974242C48FA008D0DC6 /* LogInController.swift */; };
		9A8CF977242C490F008D0DC6 /* SignUpController.swift in Sources */ = {isa = PBXBuildFile; fileRef = 9A8CF976242C490F008D0DC6 /* SignUpController.swift */; };
		9A8CF979242C4BEA008D0DC6 /* GoogleService-Info.plist in Resources */ = {isa = PBXBuildFile; fileRef = 9A8CF978242C4BEA008D0DC6 /* GoogleService-Info.plist */; };
		9A8CF97C242C58C7008D0DC6 /* Extensions.swift in Sources */ = {isa = PBXBuildFile; fileRef = 9A8CF97B242C58C7008D0DC6 /* Extensions.swift */; };
		9A8CF97F242C6CCB008D0DC6 /* User.swift in Sources */ = {isa = PBXBuildFile; fileRef = 9A8CF97E242C6CCB008D0DC6 /* User.swift */; };
		9A8CF981242C78FE008D0DC6 /* HomePageController.swift in Sources */ = {isa = PBXBuildFile; fileRef = 9A8CF980242C78FE008D0DC6 /* HomePageController.swift */; };
		9A9472AB242C1E76004927DD /* AppDelegate.swift in Sources */ = {isa = PBXBuildFile; fileRef = 9A9472AA242C1E76004927DD /* AppDelegate.swift */; };
		9A9472AD242C1E76004927DD /* SceneDelegate.swift in Sources */ = {isa = PBXBuildFile; fileRef = 9A9472AC242C1E76004927DD /* SceneDelegate.swift */; };
		9A9472B2242C1E76004927DD /* Main.storyboard in Resources */ = {isa = PBXBuildFile; fileRef = 9A9472B0242C1E76004927DD /* Main.storyboard */; };
		9A9472B4242C1E7C004927DD /* Assets.xcassets in Resources */ = {isa = PBXBuildFile; fileRef = 9A9472B3242C1E7C004927DD /* Assets.xcassets */; };
		9A9472B7242C1E7C004927DD /* LaunchScreen.storyboard in Resources */ = {isa = PBXBuildFile; fileRef = 9A9472B5242C1E7C004927DD /* LaunchScreen.storyboard */; };
		9A9472C2242C1E7C004927DD /* ClassesAppTests.swift in Sources */ = {isa = PBXBuildFile; fileRef = 9A9472C1242C1E7C004927DD /* ClassesAppTests.swift */; };
		9A9472CD242C1E7C004927DD /* ClassesAppUITests.swift in Sources */ = {isa = PBXBuildFile; fileRef = 9A9472CC242C1E7C004927DD /* ClassesAppUITests.swift */; };
		9AA2116E244EEA6B00A49606 /* PrivacyController.swift in Sources */ = {isa = PBXBuildFile; fileRef = 9AA2116D244EEA6B00A49606 /* PrivacyController.swift */; };
		9AAD828D2431B41600C66838 /* TrackedCell.swift in Sources */ = {isa = PBXBuildFile; fileRef = 9AAD828C2431B41600C66838 /* TrackedCell.swift */; };
		9AAD828F2431C66C00C66838 /* AddClassLauncher.swift in Sources */ = {isa = PBXBuildFile; fileRef = 9AAD828E2431C66C00C66838 /* AddClassLauncher.swift */; };
		9AAD82982432901F00C66838 /* Styles.swift in Sources */ = {isa = PBXBuildFile; fileRef = 9AAD82972432901F00C66838 /* Styles.swift */; };
		9AAD829A243295E700C66838 /* AddClassController.swift in Sources */ = {isa = PBXBuildFile; fileRef = 9AAD8299243295E700C66838 /* AddClassController.swift */; };
		9AAD829E24329E4D00C66838 /* MenuController.swift in Sources */ = {isa = PBXBuildFile; fileRef = 9AAD829D24329E4D00C66838 /* MenuController.swift */; };
		9AAD82A12432A47300C66838 /* SlideInTransition.swift in Sources */ = {isa = PBXBuildFile; fileRef = 9AAD82A02432A47300C66838 /* SlideInTransition.swift */; };
		9ABA572E245FFBF900C865D0 /* EmailSupportController.swift in Sources */ = {isa = PBXBuildFile; fileRef = 9ABA572D245FFBF800C865D0 /* EmailSupportController.swift */; };
		9ABA5730246165AE00C865D0 /* Stats.swift in Sources */ = {isa = PBXBuildFile; fileRef = 9ABA572F246165AE00C865D0 /* Stats.swift */; };
		9AC4A953244B92360019921F /* WelcomeScreen1.swift in Sources */ = {isa = PBXBuildFile; fileRef = 9AC4A952244B92360019921F /* WelcomeScreen1.swift */; };
		9AC4A955244B92410019921F /* WelcomeScreen2.swift in Sources */ = {isa = PBXBuildFile; fileRef = 9AC4A954244B92410019921F /* WelcomeScreen2.swift */; };
		9AC4A957244B92540019921F /* WelcomeScreen3.swift in Sources */ = {isa = PBXBuildFile; fileRef = 9AC4A956244B92540019921F /* WelcomeScreen3.swift */; };
		9AC4A959244B92620019921F /* WelcomeScreen4.swift in Sources */ = {isa = PBXBuildFile; fileRef = 9AC4A958244B92620019921F /* WelcomeScreen4.swift */; };
		9AC6292E24589FAA00B793C0 /* ShareController.swift in Sources */ = {isa = PBXBuildFile; fileRef = 9AC6292D24589FAA00B793C0 /* ShareController.swift */; };
		9AC62931245957B700B793C0 /* ClassDetailController.swift in Sources */ = {isa = PBXBuildFile; fileRef = 9AC6292F245957B700B793C0 /* ClassDetailController.swift */; };
		9AC62932245957B700B793C0 /* ClassDetailController.xib in Resources */ = {isa = PBXBuildFile; fileRef = 9AC62930245957B700B793C0 /* ClassDetailController.xib */; };
		9AE8D758243E7D050049B090 /* Constants.swift in Sources */ = {isa = PBXBuildFile; fileRef = 9AE8D757243E7D050049B090 /* Constants.swift */; };
		9AEEB595243C515900F5E6FE /* NotificationCell.swift in Sources */ = {isa = PBXBuildFile; fileRef = 9AEEB594243C515900F5E6FE /* NotificationCell.swift */; };
		9AEEB597243C527E00F5E6FE /* NotificationController.swift in Sources */ = {isa = PBXBuildFile; fileRef = 9AEEB596243C527E00F5E6FE /* NotificationController.swift */; };
		9AEF54D32465441E002AA3B6 /* ClassLookUpController.swift in Sources */ = {isa = PBXBuildFile; fileRef = 9AEF54D12465441D002AA3B6 /* ClassLookUpController.swift */; };
		9AEF54D42465441E002AA3B6 /* ClassLookUpController.xib in Resources */ = {isa = PBXBuildFile; fileRef = 9AEF54D22465441D002AA3B6 /* ClassLookUpController.xib */; };
		9AF3AEC3244E534100D690C7 /* TermsController.swift in Sources */ = {isa = PBXBuildFile; fileRef = 9AF3AEC2244E534000D690C7 /* TermsController.swift */; };
		9AFB0C22245CC849008D1297 /* Animations.swift in Sources */ = {isa = PBXBuildFile; fileRef = 9AFB0C21245CC849008D1297 /* Animations.swift */; };
		9AFCD2B5244B987E009D2081 /* PageController.swift in Sources */ = {isa = PBXBuildFile; fileRef = 9AFCD2B4244B987E009D2081 /* PageController.swift */; };
/* End PBXBuildFile section */

/* Begin PBXContainerItemProxy section */
		9A9472BE242C1E7C004927DD /* PBXContainerItemProxy */ = {
			isa = PBXContainerItemProxy;
			containerPortal = 9A94729F242C1E76004927DD /* Project object */;
			proxyType = 1;
			remoteGlobalIDString = 9A9472A6242C1E76004927DD;
			remoteInfo = ClassesApp;
		};
		9A9472C9242C1E7C004927DD /* PBXContainerItemProxy */ = {
			isa = PBXContainerItemProxy;
			containerPortal = 9A94729F242C1E76004927DD /* Project object */;
			proxyType = 1;
			remoteGlobalIDString = 9A9472A6242C1E76004927DD;
			remoteInfo = ClassesApp;
		};
/* End PBXContainerItemProxy section */

/* Begin PBXFileReference section */
		1CD1F71F095CCBA58547F6AB /* Pods_ClassesAppTests.framework */ = {isa = PBXFileReference; explicitFileType = wrapper.framework; includeInIndex = 0; path = Pods_ClassesAppTests.framework; sourceTree = BUILT_PRODUCTS_DIR; };
		1DF89CD07824847B175A2BFA /* Pods_ClassesApp.framework */ = {isa = PBXFileReference; explicitFileType = wrapper.framework; includeInIndex = 0; path = Pods_ClassesApp.framework; sourceTree = BUILT_PRODUCTS_DIR; };
		23F45C00119B7A7A5143428F /* Pods-ClassesAppTests.release.xcconfig */ = {isa = PBXFileReference; includeInIndex = 1; lastKnownFileType = text.xcconfig; name = "Pods-ClassesAppTests.release.xcconfig"; path = "Target Support Files/Pods-ClassesAppTests/Pods-ClassesAppTests.release.xcconfig"; sourceTree = "<group>"; };
		2AC36A4D936BE7CD3B984084 /* Pods_ClassesApp_ClassesAppUITests.framework */ = {isa = PBXFileReference; explicitFileType = wrapper.framework; includeInIndex = 0; path = Pods_ClassesApp_ClassesAppUITests.framework; sourceTree = BUILT_PRODUCTS_DIR; };
		439C2C758DA0A1AEE6292789 /* Pods-ClassesApp.debug.xcconfig */ = {isa = PBXFileReference; includeInIndex = 1; lastKnownFileType = text.xcconfig; name = "Pods-ClassesApp.debug.xcconfig"; path = "Target Support Files/Pods-ClassesApp/Pods-ClassesApp.debug.xcconfig"; sourceTree = "<group>"; };
		48B65ADC6892188AED356833 /* Pods-ClassesApp-ClassesAppUITests.debug.xcconfig */ = {isa = PBXFileReference; includeInIndex = 1; lastKnownFileType = text.xcconfig; name = "Pods-ClassesApp-ClassesAppUITests.debug.xcconfig"; path = "Target Support Files/Pods-ClassesApp-ClassesAppUITests/Pods-ClassesApp-ClassesAppUITests.debug.xcconfig"; sourceTree = "<group>"; };
		63C55CBE6537EF5E0009091C /* Pods-ClassesApp-ClassesAppUITests.release.xcconfig */ = {isa = PBXFileReference; includeInIndex = 1; lastKnownFileType = text.xcconfig; name = "Pods-ClassesApp-ClassesAppUITests.release.xcconfig"; path = "Target Support Files/Pods-ClassesApp-ClassesAppUITests/Pods-ClassesApp-ClassesAppUITests.release.xcconfig"; sourceTree = "<group>"; };
		8AC04124D54E938C8E6F9737 /* Pods-ClassesApp.release.xcconfig */ = {isa = PBXFileReference; includeInIndex = 1; lastKnownFileType = text.xcconfig; name = "Pods-ClassesApp.release.xcconfig"; path = "Target Support Files/Pods-ClassesApp/Pods-ClassesApp.release.xcconfig"; sourceTree = "<group>"; };
		9A08BCA02446102C00DC4B40 /* StorePopUpController.swift */ = {isa = PBXFileReference; lastKnownFileType = sourcecode.swift; path = StorePopUpController.swift; sourceTree = "<group>"; };
		9A08BCA12446102C00DC4B40 /* StorePopUpController.xib */ = {isa = PBXFileReference; lastKnownFileType = file.xib; path = StorePopUpController.xib; sourceTree = "<group>"; };
		9A1BA9EA243420400087622D /* SettingsController.swift */ = {isa = PBXFileReference; lastKnownFileType = sourcecode.swift; path = SettingsController.swift; sourceTree = "<group>"; };
		9A21C7E82452A7D000355CC2 /* NotifcationStatusController.swift */ = {isa = PBXFileReference; lastKnownFileType = sourcecode.swift; path = NotifcationStatusController.swift; sourceTree = "<group>"; };
		9A21C7E92452A7D000355CC2 /* NotifcationStatusController.xib */ = {isa = PBXFileReference; lastKnownFileType = file.xib; path = NotifcationStatusController.xib; sourceTree = "<group>"; };
		9A31D141243430BA00C05EA1 /* StartScreenAnimation.swift */ = {isa = PBXFileReference; lastKnownFileType = sourcecode.swift; path = StartScreenAnimation.swift; sourceTree = "<group>"; };
		9A3D4A032456A4990073C0F7 /* WebController.swift */ = {isa = PBXFileReference; lastKnownFileType = sourcecode.swift; path = WebController.swift; sourceTree = "<group>"; };
		9A3D4A0524576A0F0073C0F7 /* Course.swift */ = {isa = PBXFileReference; lastKnownFileType = sourcecode.swift; path = Course.swift; sourceTree = "<group>"; };
		9A3D4A07245776A30073C0F7 /* AddToListController.swift */ = {isa = PBXFileReference; lastKnownFileType = sourcecode.swift; path = AddToListController.swift; sourceTree = "<group>"; };
		9A3D4A08245776A30073C0F7 /* AddToListController.xib */ = {isa = PBXFileReference; lastKnownFileType = file.xib; path = AddToListController.xib; sourceTree = "<group>"; };
		9A40E7F1243857B90070A410 /* StripeAPI.swift */ = {isa = PBXFileReference; lastKnownFileType = sourcecode.swift; path = StripeAPI.swift; sourceTree = "<group>"; };
		9A445418242D959300089389 /* UserService.swift */ = {isa = PBXFileReference; lastKnownFileType = sourcecode.swift; path = UserService.swift; sourceTree = "<group>"; };
		9A44561F245B2ED50054521A /* ChangeSchoolController.swift */ = {isa = PBXFileReference; lastKnownFileType = sourcecode.swift; path = ChangeSchoolController.swift; sourceTree = "<group>"; };
		9A445620245B2ED50054521A /* ChangeSchoolController.xib */ = {isa = PBXFileReference; lastKnownFileType = file.xib; path = ChangeSchoolController.xib; sourceTree = "<group>"; };
		9A4D2549246691F400CC6B2A /* PlainTextCell.swift */ = {isa = PBXFileReference; lastKnownFileType = sourcecode.swift; path = PlainTextCell.swift; sourceTree = "<group>"; };
		9A4D254D246692C700CC6B2A /* FAQController.swift */ = {isa = PBXFileReference; lastKnownFileType = sourcecode.swift; path = FAQController.swift; sourceTree = "<group>"; };
		9A652A30244CCA6200366229 /* AppConstants.swift */ = {isa = PBXFileReference; lastKnownFileType = sourcecode.swift; path = AppConstants.swift; sourceTree = "<group>"; };
		9A73F1CC2445A4980004AF54 /* StoreController.swift */ = {isa = PBXFileReference; lastKnownFileType = sourcecode.swift; path = StoreController.swift; sourceTree = "<group>"; };
		9A73F1CE2445A5580004AF54 /* StoreCell.swift */ = {isa = PBXFileReference; lastKnownFileType = sourcecode.swift; path = StoreCell.swift; sourceTree = "<group>"; };
		9A77D7AC243BF15600D7963F /* ClassesApp.entitlements */ = {isa = PBXFileReference; lastKnownFileType = text.plist.entitlements; path = ClassesApp.entitlements; sourceTree = "<group>"; };
		9A7B46A2244FAB1100B4D7A0 /* CreditCell.swift */ = {isa = PBXFileReference; lastKnownFileType = sourcecode.swift; path = CreditCell.swift; sourceTree = "<group>"; };
		9A7B46A4244FAB6F00B4D7A0 /* CreditsController.swift */ = {isa = PBXFileReference; lastKnownFileType = sourcecode.swift; path = CreditsController.swift; sourceTree = "<group>"; };
		9A7E0518244131D2002E9803 /* ToggleEmailsController.swift */ = {isa = PBXFileReference; lastKnownFileType = sourcecode.swift; path = ToggleEmailsController.swift; sourceTree = "<group>"; };
		9A7E0519244131D2002E9803 /* ToggleEmailsController.xib */ = {isa = PBXFileReference; lastKnownFileType = file.xib; path = ToggleEmailsController.xib; sourceTree = "<group>"; };
		9A7E051C244189E8002E9803 /* ServerService.swift */ = {isa = PBXFileReference; lastKnownFileType = sourcecode.swift; path = ServerService.swift; sourceTree = "<group>"; };
		9A8533F4243D6BE100F7197F /* ForgotPasswordController.swift */ = {isa = PBXFileReference; fileEncoding = 4; lastKnownFileType = sourcecode.swift; path = ForgotPasswordController.swift; sourceTree = "<group>"; };
		9A8533F5243D6BF300F7197F /* ForgotPasswordController.xib */ = {isa = PBXFileReference; fileEncoding = 4; lastKnownFileType = file.xib; path = ForgotPasswordController.xib; sourceTree = "<group>"; };
		9A8533FA243D6CB200F7197F /* SettingsLabelCell.swift */ = {isa = PBXFileReference; lastKnownFileType = sourcecode.swift; path = SettingsLabelCell.swift; sourceTree = "<group>"; };
		9A8533FC243D7F2700F7197F /* PurchaseHistoryCell.swift */ = {isa = PBXFileReference; lastKnownFileType = sourcecode.swift; path = PurchaseHistoryCell.swift; sourceTree = "<group>"; };
		9A8533FE243D81D100F7197F /* TitleCell.swift */ = {isa = PBXFileReference; lastKnownFileType = sourcecode.swift; path = TitleCell.swift; sourceTree = "<group>"; };
		9A8CF972242C3F43008D0DC6 /* SplashScreenController.swift */ = {isa = PBXFileReference; lastKnownFileType = sourcecode.swift; path = SplashScreenController.swift; sourceTree = "<group>"; };
		9A8CF974242C48FA008D0DC6 /* LogInController.swift */ = {isa = PBXFileReference; lastKnownFileType = sourcecode.swift; path = LogInController.swift; sourceTree = "<group>"; };
		9A8CF976242C490F008D0DC6 /* SignUpController.swift */ = {isa = PBXFileReference; lastKnownFileType = sourcecode.swift; path = SignUpController.swift; sourceTree = "<group>"; };
		9A8CF978242C4BEA008D0DC6 /* GoogleService-Info.plist */ = {isa = PBXFileReference; fileEncoding = 4; lastKnownFileType = text.plist.xml; path = "GoogleService-Info.plist"; sourceTree = "<group>"; };
		9A8CF97B242C58C7008D0DC6 /* Extensions.swift */ = {isa = PBXFileReference; lastKnownFileType = sourcecode.swift; path = Extensions.swift; sourceTree = "<group>"; };
		9A8CF97E242C6CCB008D0DC6 /* User.swift */ = {isa = PBXFileReference; lastKnownFileType = sourcecode.swift; path = User.swift; sourceTree = "<group>"; };
		9A8CF980242C78FE008D0DC6 /* HomePageController.swift */ = {isa = PBXFileReference; lastKnownFileType = sourcecode.swift; path = HomePageController.swift; sourceTree = "<group>"; };
		9A9472A7242C1E76004927DD /* TrackMy.app */ = {isa = PBXFileReference; explicitFileType = wrapper.application; includeInIndex = 0; path = TrackMy.app; sourceTree = BUILT_PRODUCTS_DIR; };
		9A9472AA242C1E76004927DD /* AppDelegate.swift */ = {isa = PBXFileReference; lastKnownFileType = sourcecode.swift; path = AppDelegate.swift; sourceTree = "<group>"; };
		9A9472AC242C1E76004927DD /* SceneDelegate.swift */ = {isa = PBXFileReference; lastKnownFileType = sourcecode.swift; path = SceneDelegate.swift; sourceTree = "<group>"; };
		9A9472B1242C1E76004927DD /* Base */ = {isa = PBXFileReference; lastKnownFileType = file.storyboard; name = Base; path = Base.lproj/Main.storyboard; sourceTree = "<group>"; };
		9A9472B3242C1E7C004927DD /* Assets.xcassets */ = {isa = PBXFileReference; lastKnownFileType = folder.assetcatalog; path = Assets.xcassets; sourceTree = "<group>"; };
		9A9472B6242C1E7C004927DD /* Base */ = {isa = PBXFileReference; lastKnownFileType = file.storyboard; name = Base; path = Base.lproj/LaunchScreen.storyboard; sourceTree = "<group>"; };
		9A9472B8242C1E7C004927DD /* Info.plist */ = {isa = PBXFileReference; lastKnownFileType = text.plist.xml; path = Info.plist; sourceTree = "<group>"; };
		9A9472BD242C1E7C004927DD /* ClassesAppTests.xctest */ = {isa = PBXFileReference; explicitFileType = wrapper.cfbundle; includeInIndex = 0; path = ClassesAppTests.xctest; sourceTree = BUILT_PRODUCTS_DIR; };
		9A9472C1242C1E7C004927DD /* ClassesAppTests.swift */ = {isa = PBXFileReference; lastKnownFileType = sourcecode.swift; path = ClassesAppTests.swift; sourceTree = "<group>"; };
		9A9472C3242C1E7C004927DD /* Info.plist */ = {isa = PBXFileReference; lastKnownFileType = text.plist.xml; path = Info.plist; sourceTree = "<group>"; };
		9A9472C8242C1E7C004927DD /* ClassesAppUITests.xctest */ = {isa = PBXFileReference; explicitFileType = wrapper.cfbundle; includeInIndex = 0; path = ClassesAppUITests.xctest; sourceTree = BUILT_PRODUCTS_DIR; };
		9A9472CC242C1E7C004927DD /* ClassesAppUITests.swift */ = {isa = PBXFileReference; lastKnownFileType = sourcecode.swift; path = ClassesAppUITests.swift; sourceTree = "<group>"; };
		9A9472CE242C1E7C004927DD /* Info.plist */ = {isa = PBXFileReference; lastKnownFileType = text.plist.xml; path = Info.plist; sourceTree = "<group>"; };
		9AA2116D244EEA6B00A49606 /* PrivacyController.swift */ = {isa = PBXFileReference; lastKnownFileType = sourcecode.swift; path = PrivacyController.swift; sourceTree = "<group>"; };
		9AAD828C2431B41600C66838 /* TrackedCell.swift */ = {isa = PBXFileReference; lastKnownFileType = sourcecode.swift; path = TrackedCell.swift; sourceTree = "<group>"; };
		9AAD828E2431C66C00C66838 /* AddClassLauncher.swift */ = {isa = PBXFileReference; lastKnownFileType = sourcecode.swift; path = AddClassLauncher.swift; sourceTree = "<group>"; };
		9AAD82972432901F00C66838 /* Styles.swift */ = {isa = PBXFileReference; lastKnownFileType = sourcecode.swift; path = Styles.swift; sourceTree = "<group>"; };
		9AAD8299243295E700C66838 /* AddClassController.swift */ = {isa = PBXFileReference; lastKnownFileType = sourcecode.swift; path = AddClassController.swift; sourceTree = "<group>"; };
		9AAD829D24329E4D00C66838 /* MenuController.swift */ = {isa = PBXFileReference; lastKnownFileType = sourcecode.swift; path = MenuController.swift; sourceTree = "<group>"; };
		9AAD82A02432A47300C66838 /* SlideInTransition.swift */ = {isa = PBXFileReference; lastKnownFileType = sourcecode.swift; path = SlideInTransition.swift; sourceTree = "<group>"; };
		9ABA572D245FFBF800C865D0 /* EmailSupportController.swift */ = {isa = PBXFileReference; lastKnownFileType = sourcecode.swift; path = EmailSupportController.swift; sourceTree = "<group>"; };
		9ABA572F246165AE00C865D0 /* Stats.swift */ = {isa = PBXFileReference; lastKnownFileType = sourcecode.swift; path = Stats.swift; sourceTree = "<group>"; };
		9AC4A952244B92360019921F /* WelcomeScreen1.swift */ = {isa = PBXFileReference; lastKnownFileType = sourcecode.swift; path = WelcomeScreen1.swift; sourceTree = "<group>"; };
		9AC4A954244B92410019921F /* WelcomeScreen2.swift */ = {isa = PBXFileReference; lastKnownFileType = sourcecode.swift; path = WelcomeScreen2.swift; sourceTree = "<group>"; };
		9AC4A956244B92540019921F /* WelcomeScreen3.swift */ = {isa = PBXFileReference; lastKnownFileType = sourcecode.swift; path = WelcomeScreen3.swift; sourceTree = "<group>"; };
		9AC4A958244B92620019921F /* WelcomeScreen4.swift */ = {isa = PBXFileReference; lastKnownFileType = sourcecode.swift; path = WelcomeScreen4.swift; sourceTree = "<group>"; };
		9AC6292D24589FAA00B793C0 /* ShareController.swift */ = {isa = PBXFileReference; lastKnownFileType = sourcecode.swift; path = ShareController.swift; sourceTree = "<group>"; };
		9AC6292F245957B700B793C0 /* ClassDetailController.swift */ = {isa = PBXFileReference; lastKnownFileType = sourcecode.swift; path = ClassDetailController.swift; sourceTree = "<group>"; };
		9AC62930245957B700B793C0 /* ClassDetailController.xib */ = {isa = PBXFileReference; lastKnownFileType = file.xib; path = ClassDetailController.xib; sourceTree = "<group>"; };
		9AE8D757243E7D050049B090 /* Constants.swift */ = {isa = PBXFileReference; lastKnownFileType = sourcecode.swift; path = Constants.swift; sourceTree = "<group>"; };
		9AEEB594243C515900F5E6FE /* NotificationCell.swift */ = {isa = PBXFileReference; lastKnownFileType = sourcecode.swift; path = NotificationCell.swift; sourceTree = "<group>"; };
		9AEEB596243C527E00F5E6FE /* NotificationController.swift */ = {isa = PBXFileReference; lastKnownFileType = sourcecode.swift; path = NotificationController.swift; sourceTree = "<group>"; };
		9AEF54D12465441D002AA3B6 /* ClassLookUpController.swift */ = {isa = PBXFileReference; lastKnownFileType = sourcecode.swift; path = ClassLookUpController.swift; sourceTree = "<group>"; };
		9AEF54D22465441D002AA3B6 /* ClassLookUpController.xib */ = {isa = PBXFileReference; lastKnownFileType = file.xib; path = ClassLookUpController.xib; sourceTree = "<group>"; };
		9AF3AEC2244E534000D690C7 /* TermsController.swift */ = {isa = PBXFileReference; lastKnownFileType = sourcecode.swift; path = TermsController.swift; sourceTree = "<group>"; };
		9AFB0C21245CC849008D1297 /* Animations.swift */ = {isa = PBXFileReference; lastKnownFileType = sourcecode.swift; path = Animations.swift; sourceTree = "<group>"; };
		9AFCD2B4244B987E009D2081 /* PageController.swift */ = {isa = PBXFileReference; lastKnownFileType = sourcecode.swift; path = PageController.swift; sourceTree = "<group>"; };
		F332B3B0C8712692DA7AF6B0 /* Pods-ClassesAppTests.debug.xcconfig */ = {isa = PBXFileReference; includeInIndex = 1; lastKnownFileType = text.xcconfig; name = "Pods-ClassesAppTests.debug.xcconfig"; path = "Target Support Files/Pods-ClassesAppTests/Pods-ClassesAppTests.debug.xcconfig"; sourceTree = "<group>"; };
/* End PBXFileReference section */

/* Begin PBXFrameworksBuildPhase section */
		9A9472A4242C1E76004927DD /* Frameworks */ = {
			isa = PBXFrameworksBuildPhase;
			buildActionMask = 2147483647;
			files = (
				130A4E3A3754589CBD111E59 /* Pods_ClassesApp.framework in Frameworks */,
			);
			runOnlyForDeploymentPostprocessing = 0;
		};
		9A9472BA242C1E7C004927DD /* Frameworks */ = {
			isa = PBXFrameworksBuildPhase;
			buildActionMask = 2147483647;
			files = (
				387A636A0B5683E30416CBC1 /* Pods_ClassesAppTests.framework in Frameworks */,
			);
			runOnlyForDeploymentPostprocessing = 0;
		};
		9A9472C5242C1E7C004927DD /* Frameworks */ = {
			isa = PBXFrameworksBuildPhase;
			buildActionMask = 2147483647;
			files = (
				19F34AF58A1794D26EF3FACC /* Pods_ClassesApp_ClassesAppUITests.framework in Frameworks */,
			);
			runOnlyForDeploymentPostprocessing = 0;
		};
/* End PBXFrameworksBuildPhase section */

/* Begin PBXGroup section */
		610FC43B6FF75B4BAA2E6BEC /* Pods */ = {
			isa = PBXGroup;
			children = (
				439C2C758DA0A1AEE6292789 /* Pods-ClassesApp.debug.xcconfig */,
				8AC04124D54E938C8E6F9737 /* Pods-ClassesApp.release.xcconfig */,
				48B65ADC6892188AED356833 /* Pods-ClassesApp-ClassesAppUITests.debug.xcconfig */,
				63C55CBE6537EF5E0009091C /* Pods-ClassesApp-ClassesAppUITests.release.xcconfig */,
				F332B3B0C8712692DA7AF6B0 /* Pods-ClassesAppTests.debug.xcconfig */,
				23F45C00119B7A7A5143428F /* Pods-ClassesAppTests.release.xcconfig */,
			);
			name = Pods;
			path = Pods;
			sourceTree = "<group>";
		};
		9A31D1402434309900C05EA1 /* Animations */ = {
			isa = PBXGroup;
			children = (
				9AFB0C21245CC849008D1297 /* Animations.swift */,
				9A31D141243430BA00C05EA1 /* StartScreenAnimation.swift */,
			);
			path = Animations;
			sourceTree = "<group>";
		};
		9A445417242D957900089389 /* Services */ = {
			isa = PBXGroup;
			children = (
				9A445418242D959300089389 /* UserService.swift */,
				9A7E051C244189E8002E9803 /* ServerService.swift */,
			);
			path = Services;
			sourceTree = "<group>";
		};
		9A8533F3243D6B9500F7197F /* Xibs */ = {
			isa = PBXGroup;
			children = (
				9A8533F4243D6BE100F7197F /* ForgotPasswordController.swift */,
				9A8533F5243D6BF300F7197F /* ForgotPasswordController.xib */,
				9A7E0518244131D2002E9803 /* ToggleEmailsController.swift */,
				9A7E0519244131D2002E9803 /* ToggleEmailsController.xib */,
				9A08BCA02446102C00DC4B40 /* StorePopUpController.swift */,
				9A08BCA12446102C00DC4B40 /* StorePopUpController.xib */,
				9A21C7E82452A7D000355CC2 /* NotifcationStatusController.swift */,
				9A21C7E92452A7D000355CC2 /* NotifcationStatusController.xib */,
				9A3D4A07245776A30073C0F7 /* AddToListController.swift */,
				9A3D4A08245776A30073C0F7 /* AddToListController.xib */,
				9AC6292F245957B700B793C0 /* ClassDetailController.swift */,
				9AC62930245957B700B793C0 /* ClassDetailController.xib */,
				9A44561F245B2ED50054521A /* ChangeSchoolController.swift */,
				9A445620245B2ED50054521A /* ChangeSchoolController.xib */,
				9AEF54D12465441D002AA3B6 /* ClassLookUpController.swift */,
				9AEF54D22465441D002AA3B6 /* ClassLookUpController.xib */,
			);
			path = Xibs;
			sourceTree = "<group>";
		};
		9A853400243E7C1400F7197F /* Constants */ = {
			isa = PBXGroup;
			children = (
				9AE8D757243E7D050049B090 /* Constants.swift */,
			);
			name = Constants;
			path = ClassesApp/Constants;
			sourceTree = SOURCE_ROOT;
		};
		9A8CF97A242C586E008D0DC6 /* Helpers */ = {
			isa = PBXGroup;
			children = (
				9A8CF97B242C58C7008D0DC6 /* Extensions.swift */,
				9AAD828E2431C66C00C66838 /* AddClassLauncher.swift */,
				9AAD82972432901F00C66838 /* Styles.swift */,
			);
			path = Helpers;
			sourceTree = "<group>";
		};
		9A8CF97D242C6CB5008D0DC6 /* Modles */ = {
			isa = PBXGroup;
			children = (
				9A652A30244CCA6200366229 /* AppConstants.swift */,
				9A8CF97E242C6CCB008D0DC6 /* User.swift */,
				9A3D4A0524576A0F0073C0F7 /* Course.swift */,
				9ABA572F246165AE00C865D0 /* Stats.swift */,
			);
			path = Modles;
			sourceTree = "<group>";
		};
		9A94729E242C1E76004927DD = {
			isa = PBXGroup;
			children = (
				9A9472A9242C1E76004927DD /* ClassesApp */,
				9A9472C0242C1E7C004927DD /* ClassesAppTests */,
				9A9472CB242C1E7C004927DD /* ClassesAppUITests */,
				9A9472A8242C1E76004927DD /* Products */,
				610FC43B6FF75B4BAA2E6BEC /* Pods */,
				E6717EC372AE7CD978FC59AB /* Frameworks */,
			);
			sourceTree = "<group>";
		};
		9A9472A8242C1E76004927DD /* Products */ = {
			isa = PBXGroup;
			children = (
				9A9472A7242C1E76004927DD /* TrackMy.app */,
				9A9472BD242C1E7C004927DD /* ClassesAppTests.xctest */,
				9A9472C8242C1E7C004927DD /* ClassesAppUITests.xctest */,
			);
			name = Products;
			sourceTree = "<group>";
		};
		9A9472A9242C1E76004927DD /* ClassesApp */ = {
			isa = PBXGroup;
			children = (
				9A77D7AC243BF15600D7963F /* ClassesApp.entitlements */,
				9A9472B8242C1E7C004927DD /* Info.plist */,
				9A8CF978242C4BEA008D0DC6 /* GoogleService-Info.plist */,
				9A31D1402434309900C05EA1 /* Animations */,
				9A8533F3243D6B9500F7197F /* Xibs */,
				9A9FD2FD243815530011F8A4 /* Stripe */,
				9AAD828B2431B3EF00C66838 /* Cells */,
				9A445417242D957900089389 /* Services */,
				9A853400243E7C1400F7197F /* Constants */,
				9A8CF97D242C6CB5008D0DC6 /* Modles */,
				9A9472DD242C2BB1004927DD /* Controllers */,
				9A9472DC242C2BAF004927DD /* Storyboards */,
				9A9472DB242C2BAD004927DD /* Defaults */,
				9A8CF97A242C586E008D0DC6 /* Helpers */,
			);
			path = ClassesApp;
			sourceTree = "<group>";
		};
		9A9472C0242C1E7C004927DD /* ClassesAppTests */ = {
			isa = PBXGroup;
			children = (
				9A9472C1242C1E7C004927DD /* ClassesAppTests.swift */,
				9A9472C3242C1E7C004927DD /* Info.plist */,
			);
			path = ClassesAppTests;
			sourceTree = "<group>";
		};
		9A9472CB242C1E7C004927DD /* ClassesAppUITests */ = {
			isa = PBXGroup;
			children = (
				9A9472CC242C1E7C004927DD /* ClassesAppUITests.swift */,
				9A9472CE242C1E7C004927DD /* Info.plist */,
			);
			path = ClassesAppUITests;
			sourceTree = "<group>";
		};
		9A9472DB242C2BAD004927DD /* Defaults */ = {
			isa = PBXGroup;
			children = (
				9A9472B3242C1E7C004927DD /* Assets.xcassets */,
				9A9472AC242C1E76004927DD /* SceneDelegate.swift */,
				9A9472AA242C1E76004927DD /* AppDelegate.swift */,
			);
			path = Defaults;
			sourceTree = "<group>";
		};
		9A9472DC242C2BAF004927DD /* Storyboards */ = {
			isa = PBXGroup;
			children = (
				9A9472B5242C1E7C004927DD /* LaunchScreen.storyboard */,
				9A9472B0242C1E76004927DD /* Main.storyboard */,
			);
			path = Storyboards;
			sourceTree = "<group>";
		};
		9A9472DD242C2BB1004927DD /* Controllers */ = {
			isa = PBXGroup;
			children = (
				9ADF88892466B40B0095401A /* WebScreens */,
				9AC4A951244B92060019921F /* WelcomeScreens */,
				9AAD829F2432A44100C66838 /* SlideInMenu */,
				9A8CF972242C3F43008D0DC6 /* SplashScreenController.swift */,
				9A8CF974242C48FA008D0DC6 /* LogInController.swift */,
				9A8CF976242C490F008D0DC6 /* SignUpController.swift */,
				9A8CF980242C78FE008D0DC6 /* HomePageController.swift */,
				9AAD8299243295E700C66838 /* AddClassController.swift */,
				9A1BA9EA243420400087622D /* SettingsController.swift */,
				9AEEB596243C527E00F5E6FE /* NotificationController.swift */,
				9A73F1CC2445A4980004AF54 /* StoreController.swift */,
				9A7B46A4244FAB6F00B4D7A0 /* CreditsController.swift */,
				9AC6292D24589FAA00B793C0 /* ShareController.swift */,
				9ABA572D245FFBF800C865D0 /* EmailSupportController.swift */,
				9A4D254D246692C700CC6B2A /* FAQController.swift */,
				9AFCD2B4244B987E009D2081 /* PageController.swift */,
			);
			path = Controllers;
			sourceTree = "<group>";
		};
		9A9FD2FD243815530011F8A4 /* Stripe */ = {
			isa = PBXGroup;
			children = (
				9A40E7F1243857B90070A410 /* StripeAPI.swift */,
			);
			path = Stripe;
			sourceTree = "<group>";
		};
		9AAD828B2431B3EF00C66838 /* Cells */ = {
			isa = PBXGroup;
			children = (
				9AAD828C2431B41600C66838 /* TrackedCell.swift */,
				9AEEB594243C515900F5E6FE /* NotificationCell.swift */,
				9A8533FA243D6CB200F7197F /* SettingsLabelCell.swift */,
				9A8533FC243D7F2700F7197F /* PurchaseHistoryCell.swift */,
				9A8533FE243D81D100F7197F /* TitleCell.swift */,
				9A73F1CE2445A5580004AF54 /* StoreCell.swift */,
				9A7B46A2244FAB1100B4D7A0 /* CreditCell.swift */,
				9A4D2549246691F400CC6B2A /* PlainTextCell.swift */,
			);
			path = Cells;
			sourceTree = "<group>";
		};
		9AAD829F2432A44100C66838 /* SlideInMenu */ = {
			isa = PBXGroup;
			children = (
				9AAD829D24329E4D00C66838 /* MenuController.swift */,
				9AAD82A02432A47300C66838 /* SlideInTransition.swift */,
			);
			path = SlideInMenu;
			sourceTree = "<group>";
		};
		9AC4A951244B92060019921F /* WelcomeScreens */ = {
			isa = PBXGroup;
			children = (
				9AC4A952244B92360019921F /* WelcomeScreen1.swift */,
				9AC4A954244B92410019921F /* WelcomeScreen2.swift */,
				9AC4A956244B92540019921F /* WelcomeScreen3.swift */,
				9AC4A958244B92620019921F /* WelcomeScreen4.swift */,
			);
			path = WelcomeScreens;
			sourceTree = "<group>";
		};
		9ADF88892466B40B0095401A /* WebScreens */ = {
			isa = PBXGroup;
			children = (
				9A3D4A032456A4990073C0F7 /* WebController.swift */,
				9AA2116D244EEA6B00A49606 /* PrivacyController.swift */,
				9AF3AEC2244E534000D690C7 /* TermsController.swift */,
			);
			path = WebScreens;
			sourceTree = "<group>";
		};
		E6717EC372AE7CD978FC59AB /* Frameworks */ = {
			isa = PBXGroup;
			children = (
				1DF89CD07824847B175A2BFA /* Pods_ClassesApp.framework */,
				2AC36A4D936BE7CD3B984084 /* Pods_ClassesApp_ClassesAppUITests.framework */,
				1CD1F71F095CCBA58547F6AB /* Pods_ClassesAppTests.framework */,
			);
			name = Frameworks;
			sourceTree = "<group>";
		};
/* End PBXGroup section */

/* Begin PBXNativeTarget section */
		9A9472A6242C1E76004927DD /* ClassesApp */ = {
			isa = PBXNativeTarget;
			buildConfigurationList = 9A9472D1242C1E7C004927DD /* Build configuration list for PBXNativeTarget "ClassesApp" */;
			buildPhases = (
				DA71B39534033493CF25C661 /* [CP] Check Pods Manifest.lock */,
				9A9472A3242C1E76004927DD /* Sources */,
				9A9472A4242C1E76004927DD /* Frameworks */,
				9A9472A5242C1E76004927DD /* Resources */,
				9ADD42FB24634364001B26E7 /* ShellScript */,
				7ED277AD4C8C41ACCCECE6EE /* [CP] Embed Pods Frameworks */,
			);
			buildRules = (
			);
			dependencies = (
			);
			name = ClassesApp;
			productName = ClassesApp;
			productReference = 9A9472A7242C1E76004927DD /* TrackMy.app */;
			productType = "com.apple.product-type.application";
		};
		9A9472BC242C1E7C004927DD /* ClassesAppTests */ = {
			isa = PBXNativeTarget;
			buildConfigurationList = 9A9472D4242C1E7C004927DD /* Build configuration list for PBXNativeTarget "ClassesAppTests" */;
			buildPhases = (
				342F3FB5A8C844821E3ACA9D /* [CP] Check Pods Manifest.lock */,
				9A9472B9242C1E7C004927DD /* Sources */,
				9A9472BA242C1E7C004927DD /* Frameworks */,
				9A9472BB242C1E7C004927DD /* Resources */,
			);
			buildRules = (
			);
			dependencies = (
				9A9472BF242C1E7C004927DD /* PBXTargetDependency */,
			);
			name = ClassesAppTests;
			productName = ClassesAppTests;
			productReference = 9A9472BD242C1E7C004927DD /* ClassesAppTests.xctest */;
			productType = "com.apple.product-type.bundle.unit-test";
		};
		9A9472C7242C1E7C004927DD /* ClassesAppUITests */ = {
			isa = PBXNativeTarget;
			buildConfigurationList = 9A9472D7242C1E7C004927DD /* Build configuration list for PBXNativeTarget "ClassesAppUITests" */;
			buildPhases = (
				FD6AFECD2F69011717D5F162 /* [CP] Check Pods Manifest.lock */,
				9A9472C4242C1E7C004927DD /* Sources */,
				9A9472C5242C1E7C004927DD /* Frameworks */,
				9A9472C6242C1E7C004927DD /* Resources */,
				ABF2B9D806E49ADCBDBC8ACB /* [CP] Embed Pods Frameworks */,
			);
			buildRules = (
			);
			dependencies = (
				9A9472CA242C1E7C004927DD /* PBXTargetDependency */,
			);
			name = ClassesAppUITests;
			productName = ClassesAppUITests;
			productReference = 9A9472C8242C1E7C004927DD /* ClassesAppUITests.xctest */;
			productType = "com.apple.product-type.bundle.ui-testing";
		};
/* End PBXNativeTarget section */

/* Begin PBXProject section */
		9A94729F242C1E76004927DD /* Project object */ = {
			isa = PBXProject;
			attributes = {
				LastSwiftUpdateCheck = 1130;
				LastUpgradeCheck = 1130;
				ORGANIZATIONNAME = "Darrel Muonekwu";
				TargetAttributes = {
					9A9472A6242C1E76004927DD = {
						CreatedOnToolsVersion = 11.3.1;
					};
					9A9472BC242C1E7C004927DD = {
						CreatedOnToolsVersion = 11.3.1;
						TestTargetID = 9A9472A6242C1E76004927DD;
					};
					9A9472C7242C1E7C004927DD = {
						CreatedOnToolsVersion = 11.3.1;
						TestTargetID = 9A9472A6242C1E76004927DD;
					};
				};
			};
			buildConfigurationList = 9A9472A2242C1E76004927DD /* Build configuration list for PBXProject "ClassesApp" */;
			compatibilityVersion = "Xcode 9.3";
			developmentRegion = en;
			hasScannedForEncodings = 0;
			knownRegions = (
				en,
				Base,
			);
			mainGroup = 9A94729E242C1E76004927DD;
			productRefGroup = 9A9472A8242C1E76004927DD /* Products */;
			projectDirPath = "";
			projectRoot = "";
			targets = (
				9A9472A6242C1E76004927DD /* ClassesApp */,
				9A9472BC242C1E7C004927DD /* ClassesAppTests */,
				9A9472C7242C1E7C004927DD /* ClassesAppUITests */,
			);
		};
/* End PBXProject section */

/* Begin PBXResourcesBuildPhase section */
		9A9472A5242C1E76004927DD /* Resources */ = {
			isa = PBXResourcesBuildPhase;
			buildActionMask = 2147483647;
			files = (
				9A7E051B244131D2002E9803 /* ToggleEmailsController.xib in Resources */,
				9A9472B7242C1E7C004927DD /* LaunchScreen.storyboard in Resources */,
				9A08BCA32446102C00DC4B40 /* StorePopUpController.xib in Resources */,
				9AC62932245957B700B793C0 /* ClassDetailController.xib in Resources */,
				9A445622245B2ED50054521A /* ChangeSchoolController.xib in Resources */,
				9A3D4A0A245776A30073C0F7 /* AddToListController.xib in Resources */,
				9A8533F7243D6BF300F7197F /* ForgotPasswordController.xib in Resources */,
				9A9472B4242C1E7C004927DD /* Assets.xcassets in Resources */,
				9A8CF979242C4BEA008D0DC6 /* GoogleService-Info.plist in Resources */,
				9A21C7EB2452A7D000355CC2 /* NotifcationStatusController.xib in Resources */,
				9AEF54D42465441E002AA3B6 /* ClassLookUpController.xib in Resources */,
				9A9472B2242C1E76004927DD /* Main.storyboard in Resources */,
			);
			runOnlyForDeploymentPostprocessing = 0;
		};
		9A9472BB242C1E7C004927DD /* Resources */ = {
			isa = PBXResourcesBuildPhase;
			buildActionMask = 2147483647;
			files = (
			);
			runOnlyForDeploymentPostprocessing = 0;
		};
		9A9472C6242C1E7C004927DD /* Resources */ = {
			isa = PBXResourcesBuildPhase;
			buildActionMask = 2147483647;
			files = (
			);
			runOnlyForDeploymentPostprocessing = 0;
		};
/* End PBXResourcesBuildPhase section */

/* Begin PBXShellScriptBuildPhase section */
		342F3FB5A8C844821E3ACA9D /* [CP] Check Pods Manifest.lock */ = {
			isa = PBXShellScriptBuildPhase;
			buildActionMask = 2147483647;
			files = (
			);
			inputFileListPaths = (
			);
			inputPaths = (
				"${PODS_PODFILE_DIR_PATH}/Podfile.lock",
				"${PODS_ROOT}/Manifest.lock",
			);
			name = "[CP] Check Pods Manifest.lock";
			outputFileListPaths = (
			);
			outputPaths = (
				"$(DERIVED_FILE_DIR)/Pods-ClassesAppTests-checkManifestLockResult.txt",
			);
			runOnlyForDeploymentPostprocessing = 0;
			shellPath = /bin/sh;
			shellScript = "diff \"${PODS_PODFILE_DIR_PATH}/Podfile.lock\" \"${PODS_ROOT}/Manifest.lock\" > /dev/null\nif [ $? != 0 ] ; then\n    # print error to STDERR\n    echo \"error: The sandbox is not in sync with the Podfile.lock. Run 'pod install' or update your CocoaPods installation.\" >&2\n    exit 1\nfi\n# This output is used by Xcode 'outputs' to avoid re-running this script phase.\necho \"SUCCESS\" > \"${SCRIPT_OUTPUT_FILE_0}\"\n";
			showEnvVarsInLog = 0;
		};
		7ED277AD4C8C41ACCCECE6EE /* [CP] Embed Pods Frameworks */ = {
			isa = PBXShellScriptBuildPhase;
			buildActionMask = 2147483647;
			files = (
			);
			inputFileListPaths = (
				"${PODS_ROOT}/Target Support Files/Pods-ClassesApp/Pods-ClassesApp-frameworks-${CONFIGURATION}-input-files.xcfilelist",
			);
			name = "[CP] Embed Pods Frameworks";
			outputFileListPaths = (
				"${PODS_ROOT}/Target Support Files/Pods-ClassesApp/Pods-ClassesApp-frameworks-${CONFIGURATION}-output-files.xcfilelist",
			);
			runOnlyForDeploymentPostprocessing = 0;
			shellPath = /bin/sh;
			shellScript = "\"${PODS_ROOT}/Target Support Files/Pods-ClassesApp/Pods-ClassesApp-frameworks.sh\"\n";
			showEnvVarsInLog = 0;
		};
		9ADD42FB24634364001B26E7 /* ShellScript */ = {
			isa = PBXShellScriptBuildPhase;
			buildActionMask = 2147483647;
			files = (
			);
			inputFileListPaths = (
			);
			inputPaths = (
				"${DWARF_DSYM_FOLDER_PATH}/${DWARF_DSYM_FILE_NAME}/Contents/Resources/DWARF/${TARGET_NAME}",
			);
			outputFileListPaths = (
			);
			outputPaths = (
			);
			runOnlyForDeploymentPostprocessing = 0;
			shellPath = /bin/sh;
			shellScript = "\"${PODS_ROOT}/FirebaseCrashlytics/run\"\n";
		};
		ABF2B9D806E49ADCBDBC8ACB /* [CP] Embed Pods Frameworks */ = {
			isa = PBXShellScriptBuildPhase;
			buildActionMask = 2147483647;
			files = (
			);
			inputFileListPaths = (
				"${PODS_ROOT}/Target Support Files/Pods-ClassesApp-ClassesAppUITests/Pods-ClassesApp-ClassesAppUITests-frameworks-${CONFIGURATION}-input-files.xcfilelist",
			);
			name = "[CP] Embed Pods Frameworks";
			outputFileListPaths = (
				"${PODS_ROOT}/Target Support Files/Pods-ClassesApp-ClassesAppUITests/Pods-ClassesApp-ClassesAppUITests-frameworks-${CONFIGURATION}-output-files.xcfilelist",
			);
			runOnlyForDeploymentPostprocessing = 0;
			shellPath = /bin/sh;
			shellScript = "\"${PODS_ROOT}/Target Support Files/Pods-ClassesApp-ClassesAppUITests/Pods-ClassesApp-ClassesAppUITests-frameworks.sh\"\n";
			showEnvVarsInLog = 0;
		};
		DA71B39534033493CF25C661 /* [CP] Check Pods Manifest.lock */ = {
			isa = PBXShellScriptBuildPhase;
			buildActionMask = 2147483647;
			files = (
			);
			inputFileListPaths = (
			);
			inputPaths = (
				"${PODS_PODFILE_DIR_PATH}/Podfile.lock",
				"${PODS_ROOT}/Manifest.lock",
			);
			name = "[CP] Check Pods Manifest.lock";
			outputFileListPaths = (
			);
			outputPaths = (
				"$(DERIVED_FILE_DIR)/Pods-ClassesApp-checkManifestLockResult.txt",
			);
			runOnlyForDeploymentPostprocessing = 0;
			shellPath = /bin/sh;
			shellScript = "diff \"${PODS_PODFILE_DIR_PATH}/Podfile.lock\" \"${PODS_ROOT}/Manifest.lock\" > /dev/null\nif [ $? != 0 ] ; then\n    # print error to STDERR\n    echo \"error: The sandbox is not in sync with the Podfile.lock. Run 'pod install' or update your CocoaPods installation.\" >&2\n    exit 1\nfi\n# This output is used by Xcode 'outputs' to avoid re-running this script phase.\necho \"SUCCESS\" > \"${SCRIPT_OUTPUT_FILE_0}\"\n";
			showEnvVarsInLog = 0;
		};
		FD6AFECD2F69011717D5F162 /* [CP] Check Pods Manifest.lock */ = {
			isa = PBXShellScriptBuildPhase;
			buildActionMask = 2147483647;
			files = (
			);
			inputFileListPaths = (
			);
			inputPaths = (
				"${PODS_PODFILE_DIR_PATH}/Podfile.lock",
				"${PODS_ROOT}/Manifest.lock",
			);
			name = "[CP] Check Pods Manifest.lock";
			outputFileListPaths = (
			);
			outputPaths = (
				"$(DERIVED_FILE_DIR)/Pods-ClassesApp-ClassesAppUITests-checkManifestLockResult.txt",
			);
			runOnlyForDeploymentPostprocessing = 0;
			shellPath = /bin/sh;
			shellScript = "diff \"${PODS_PODFILE_DIR_PATH}/Podfile.lock\" \"${PODS_ROOT}/Manifest.lock\" > /dev/null\nif [ $? != 0 ] ; then\n    # print error to STDERR\n    echo \"error: The sandbox is not in sync with the Podfile.lock. Run 'pod install' or update your CocoaPods installation.\" >&2\n    exit 1\nfi\n# This output is used by Xcode 'outputs' to avoid re-running this script phase.\necho \"SUCCESS\" > \"${SCRIPT_OUTPUT_FILE_0}\"\n";
			showEnvVarsInLog = 0;
		};
/* End PBXShellScriptBuildPhase section */

/* Begin PBXSourcesBuildPhase section */
		9A9472A3242C1E76004927DD /* Sources */ = {
			isa = PBXSourcesBuildPhase;
			buildActionMask = 2147483647;
			files = (
				9A8CF977242C490F008D0DC6 /* SignUpController.swift in Sources */,
				9ABA5730246165AE00C865D0 /* Stats.swift in Sources */,
				9AFB0C22245CC849008D1297 /* Animations.swift in Sources */,
				9AEEB595243C515900F5E6FE /* NotificationCell.swift in Sources */,
				9AAD828D2431B41600C66838 /* TrackedCell.swift in Sources */,
				9A7E051A244131D2002E9803 /* ToggleEmailsController.swift in Sources */,
				9AC4A959244B92620019921F /* WelcomeScreen4.swift in Sources */,
				9A8CF97C242C58C7008D0DC6 /* Extensions.swift in Sources */,
				9A445419242D959300089389 /* UserService.swift in Sources */,
				9A8CF973242C3F43008D0DC6 /* SplashScreenController.swift in Sources */,
				9A8CF975242C48FA008D0DC6 /* LogInController.swift in Sources */,
				9A7E051D244189E8002E9803 /* ServerService.swift in Sources */,
				9A8533FD243D7F2700F7197F /* PurchaseHistoryCell.swift in Sources */,
				9AEF54D32465441E002AA3B6 /* ClassLookUpController.swift in Sources */,
				9AC6292E24589FAA00B793C0 /* ShareController.swift in Sources */,
				9AA2116E244EEA6B00A49606 /* PrivacyController.swift in Sources */,
				9A73F1CF2445A5580004AF54 /* StoreCell.swift in Sources */,
				9AC4A953244B92360019921F /* WelcomeScreen1.swift in Sources */,
				9AC62931245957B700B793C0 /* ClassDetailController.swift in Sources */,
				9AF3AEC3244E534100D690C7 /* TermsController.swift in Sources */,
				9A3D4A042456A4990073C0F7 /* WebController.swift in Sources */,
				9A4D254A246691F400CC6B2A /* PlainTextCell.swift in Sources */,
				9A9472AB242C1E76004927DD /* AppDelegate.swift in Sources */,
				9AC4A957244B92540019921F /* WelcomeScreen3.swift in Sources */,
				9A8533F6243D6BF300F7197F /* ForgotPasswordController.swift in Sources */,
				9A1BA9EB243420400087622D /* SettingsController.swift in Sources */,
				9A3D4A0624576A100073C0F7 /* Course.swift in Sources */,
				9A31D142243430BA00C05EA1 /* StartScreenAnimation.swift in Sources */,
				9A445621245B2ED50054521A /* ChangeSchoolController.swift in Sources */,
				9A652A31244CCA6200366229 /* AppConstants.swift in Sources */,
				9A7B46A5244FAB6F00B4D7A0 /* CreditsController.swift in Sources */,
				9AAD829A243295E700C66838 /* AddClassController.swift in Sources */,
				9AAD829E24329E4D00C66838 /* MenuController.swift in Sources */,
				9A8CF981242C78FE008D0DC6 /* HomePageController.swift in Sources */,
				9A7B46A3244FAB1100B4D7A0 /* CreditCell.swift in Sources */,
				9A8533FF243D81D100F7197F /* TitleCell.swift in Sources */,
				9A73F1CD2445A4980004AF54 /* StoreController.swift in Sources */,
				9AAD82A12432A47300C66838 /* SlideInTransition.swift in Sources */,
				9ABA572E245FFBF900C865D0 /* EmailSupportController.swift in Sources */,
				9A4D254E246692C700CC6B2A /* FAQController.swift in Sources */,
				9AFCD2B5244B987E009D2081 /* PageController.swift in Sources */,
				9AAD82982432901F00C66838 /* Styles.swift in Sources */,
				9AEEB597243C527E00F5E6FE /* NotificationController.swift in Sources */,
				9A9472AD242C1E76004927DD /* SceneDelegate.swift in Sources */,
				9AC4A955244B92410019921F /* WelcomeScreen2.swift in Sources */,
				9A08BCA22446102C00DC4B40 /* StorePopUpController.swift in Sources */,
				9AAD828F2431C66C00C66838 /* AddClassLauncher.swift in Sources */,
				9A8CF97F242C6CCB008D0DC6 /* User.swift in Sources */,
				9A8533FB243D6CB200F7197F /* SettingsLabelCell.swift in Sources */,
				9A21C7EA2452A7D000355CC2 /* NotifcationStatusController.swift in Sources */,
				9A3D4A09245776A30073C0F7 /* AddToListController.swift in Sources */,
				9A40E7F2243857B90070A410 /* StripeAPI.swift in Sources */,
				9AE8D758243E7D050049B090 /* Constants.swift in Sources */,
			);
			runOnlyForDeploymentPostprocessing = 0;
		};
		9A9472B9242C1E7C004927DD /* Sources */ = {
			isa = PBXSourcesBuildPhase;
			buildActionMask = 2147483647;
			files = (
				9A9472C2242C1E7C004927DD /* ClassesAppTests.swift in Sources */,
			);
			runOnlyForDeploymentPostprocessing = 0;
		};
		9A9472C4242C1E7C004927DD /* Sources */ = {
			isa = PBXSourcesBuildPhase;
			buildActionMask = 2147483647;
			files = (
				9A9472CD242C1E7C004927DD /* ClassesAppUITests.swift in Sources */,
			);
			runOnlyForDeploymentPostprocessing = 0;
		};
/* End PBXSourcesBuildPhase section */

/* Begin PBXTargetDependency section */
		9A9472BF242C1E7C004927DD /* PBXTargetDependency */ = {
			isa = PBXTargetDependency;
			target = 9A9472A6242C1E76004927DD /* ClassesApp */;
			targetProxy = 9A9472BE242C1E7C004927DD /* PBXContainerItemProxy */;
		};
		9A9472CA242C1E7C004927DD /* PBXTargetDependency */ = {
			isa = PBXTargetDependency;
			target = 9A9472A6242C1E76004927DD /* ClassesApp */;
			targetProxy = 9A9472C9242C1E7C004927DD /* PBXContainerItemProxy */;
		};
/* End PBXTargetDependency section */

/* Begin PBXVariantGroup section */
		9A9472B0242C1E76004927DD /* Main.storyboard */ = {
			isa = PBXVariantGroup;
			children = (
				9A9472B1242C1E76004927DD /* Base */,
			);
			name = Main.storyboard;
			sourceTree = "<group>";
		};
		9A9472B5242C1E7C004927DD /* LaunchScreen.storyboard */ = {
			isa = PBXVariantGroup;
			children = (
				9A9472B6242C1E7C004927DD /* Base */,
			);
			name = LaunchScreen.storyboard;
			sourceTree = "<group>";
		};
/* End PBXVariantGroup section */

/* Begin XCBuildConfiguration section */
		9A9472CF242C1E7C004927DD /* Debug */ = {
			isa = XCBuildConfiguration;
			buildSettings = {
				ALWAYS_SEARCH_USER_PATHS = NO;
				CLANG_ANALYZER_NONNULL = YES;
				CLANG_ANALYZER_NUMBER_OBJECT_CONVERSION = YES_AGGRESSIVE;
				CLANG_CXX_LANGUAGE_STANDARD = "gnu++14";
				CLANG_CXX_LIBRARY = "libc++";
				CLANG_ENABLE_MODULES = YES;
				CLANG_ENABLE_OBJC_ARC = YES;
				CLANG_ENABLE_OBJC_WEAK = YES;
				CLANG_WARN_BLOCK_CAPTURE_AUTORELEASING = YES;
				CLANG_WARN_BOOL_CONVERSION = YES;
				CLANG_WARN_COMMA = YES;
				CLANG_WARN_CONSTANT_CONVERSION = YES;
				CLANG_WARN_DEPRECATED_OBJC_IMPLEMENTATIONS = YES;
				CLANG_WARN_DIRECT_OBJC_ISA_USAGE = YES_ERROR;
				CLANG_WARN_DOCUMENTATION_COMMENTS = YES;
				CLANG_WARN_EMPTY_BODY = YES;
				CLANG_WARN_ENUM_CONVERSION = YES;
				CLANG_WARN_INFINITE_RECURSION = YES;
				CLANG_WARN_INT_CONVERSION = YES;
				CLANG_WARN_NON_LITERAL_NULL_CONVERSION = YES;
				CLANG_WARN_OBJC_IMPLICIT_RETAIN_SELF = YES;
				CLANG_WARN_OBJC_LITERAL_CONVERSION = YES;
				CLANG_WARN_OBJC_ROOT_CLASS = YES_ERROR;
				CLANG_WARN_RANGE_LOOP_ANALYSIS = YES;
				CLANG_WARN_STRICT_PROTOTYPES = YES;
				CLANG_WARN_SUSPICIOUS_MOVE = YES;
				CLANG_WARN_UNGUARDED_AVAILABILITY = YES_AGGRESSIVE;
				CLANG_WARN_UNREACHABLE_CODE = YES;
				CLANG_WARN__DUPLICATE_METHOD_MATCH = YES;
				COPY_PHASE_STRIP = NO;
				DEBUG_INFORMATION_FORMAT = "dwarf-with-dsym";
				ENABLE_STRICT_OBJC_MSGSEND = YES;
				ENABLE_TESTABILITY = YES;
				GCC_C_LANGUAGE_STANDARD = gnu11;
				GCC_DYNAMIC_NO_PIC = NO;
				GCC_NO_COMMON_BLOCKS = YES;
				GCC_OPTIMIZATION_LEVEL = 0;
				GCC_PREPROCESSOR_DEFINITIONS = (
					"DEBUG=1",
					"$(inherited)",
				);
				GCC_WARN_64_TO_32_BIT_CONVERSION = YES;
				GCC_WARN_ABOUT_RETURN_TYPE = YES_ERROR;
				GCC_WARN_UNDECLARED_SELECTOR = YES;
				GCC_WARN_UNINITIALIZED_AUTOS = YES_AGGRESSIVE;
				GCC_WARN_UNUSED_FUNCTION = YES;
				GCC_WARN_UNUSED_VARIABLE = YES;
				IPHONEOS_DEPLOYMENT_TARGET = 13.2;
				MTL_ENABLE_DEBUG_INFO = INCLUDE_SOURCE;
				MTL_FAST_MATH = YES;
				ONLY_ACTIVE_ARCH = YES;
				SDKROOT = iphoneos;
				SWIFT_ACTIVE_COMPILATION_CONDITIONS = DEBUG;
				SWIFT_OPTIMIZATION_LEVEL = "-Onone";
			};
			name = Debug;
		};
		9A9472D0242C1E7C004927DD /* Release */ = {
			isa = XCBuildConfiguration;
			buildSettings = {
				ALWAYS_SEARCH_USER_PATHS = NO;
				CLANG_ANALYZER_NONNULL = YES;
				CLANG_ANALYZER_NUMBER_OBJECT_CONVERSION = YES_AGGRESSIVE;
				CLANG_CXX_LANGUAGE_STANDARD = "gnu++14";
				CLANG_CXX_LIBRARY = "libc++";
				CLANG_ENABLE_MODULES = YES;
				CLANG_ENABLE_OBJC_ARC = YES;
				CLANG_ENABLE_OBJC_WEAK = YES;
				CLANG_WARN_BLOCK_CAPTURE_AUTORELEASING = YES;
				CLANG_WARN_BOOL_CONVERSION = YES;
				CLANG_WARN_COMMA = YES;
				CLANG_WARN_CONSTANT_CONVERSION = YES;
				CLANG_WARN_DEPRECATED_OBJC_IMPLEMENTATIONS = YES;
				CLANG_WARN_DIRECT_OBJC_ISA_USAGE = YES_ERROR;
				CLANG_WARN_DOCUMENTATION_COMMENTS = YES;
				CLANG_WARN_EMPTY_BODY = YES;
				CLANG_WARN_ENUM_CONVERSION = YES;
				CLANG_WARN_INFINITE_RECURSION = YES;
				CLANG_WARN_INT_CONVERSION = YES;
				CLANG_WARN_NON_LITERAL_NULL_CONVERSION = YES;
				CLANG_WARN_OBJC_IMPLICIT_RETAIN_SELF = YES;
				CLANG_WARN_OBJC_LITERAL_CONVERSION = YES;
				CLANG_WARN_OBJC_ROOT_CLASS = YES_ERROR;
				CLANG_WARN_RANGE_LOOP_ANALYSIS = YES;
				CLANG_WARN_STRICT_PROTOTYPES = YES;
				CLANG_WARN_SUSPICIOUS_MOVE = YES;
				CLANG_WARN_UNGUARDED_AVAILABILITY = YES_AGGRESSIVE;
				CLANG_WARN_UNREACHABLE_CODE = YES;
				CLANG_WARN__DUPLICATE_METHOD_MATCH = YES;
				COPY_PHASE_STRIP = NO;
				DEBUG_INFORMATION_FORMAT = "dwarf-with-dsym";
				ENABLE_NS_ASSERTIONS = NO;
				ENABLE_STRICT_OBJC_MSGSEND = YES;
				GCC_C_LANGUAGE_STANDARD = gnu11;
				GCC_NO_COMMON_BLOCKS = YES;
				GCC_WARN_64_TO_32_BIT_CONVERSION = YES;
				GCC_WARN_ABOUT_RETURN_TYPE = YES_ERROR;
				GCC_WARN_UNDECLARED_SELECTOR = YES;
				GCC_WARN_UNINITIALIZED_AUTOS = YES_AGGRESSIVE;
				GCC_WARN_UNUSED_FUNCTION = YES;
				GCC_WARN_UNUSED_VARIABLE = YES;
				IPHONEOS_DEPLOYMENT_TARGET = 13.2;
				MTL_ENABLE_DEBUG_INFO = NO;
				MTL_FAST_MATH = YES;
				SDKROOT = iphoneos;
				SWIFT_COMPILATION_MODE = wholemodule;
				SWIFT_OPTIMIZATION_LEVEL = "-O";
				VALIDATE_PRODUCT = YES;
			};
			name = Release;
		};
		9A9472D2242C1E7C004927DD /* Debug */ = {
			isa = XCBuildConfiguration;
			baseConfigurationReference = 439C2C758DA0A1AEE6292789 /* Pods-ClassesApp.debug.xcconfig */;
			buildSettings = {
				ASSETCATALOG_COMPILER_APPICON_NAME = AppIcon;
				CODE_SIGN_ENTITLEMENTS = ClassesApp/ClassesApp.entitlements;
				CODE_SIGN_IDENTITY = "Apple Development";
				CODE_SIGN_STYLE = Automatic;
				CURRENT_PROJECT_VERSION = 14;
				DEVELOPMENT_TEAM = 2Y7PPXA97Y;
				INFOPLIST_FILE = ClassesApp/Info.plist;
				LD_RUNPATH_SEARCH_PATHS = (
					"$(inherited)",
					"@executable_path/Frameworks",
				);
				PRODUCT_BUNDLE_IDENTIFIER = com.darrelmuonekwu.ClassesApp;
				PRODUCT_NAME = TrackMy;
				PROVISIONING_PROFILE_SPECIFIER = "";
				SWIFT_VERSION = 5.0;
				TARGETED_DEVICE_FAMILY = 1;
			};
			name = Debug;
		};
		9A9472D3242C1E7C004927DD /* Release */ = {
			isa = XCBuildConfiguration;
			baseConfigurationReference = 8AC04124D54E938C8E6F9737 /* Pods-ClassesApp.release.xcconfig */;
			buildSettings = {
				ASSETCATALOG_COMPILER_APPICON_NAME = AppIcon;
				CODE_SIGN_ENTITLEMENTS = ClassesApp/ClassesApp.entitlements;
				CODE_SIGN_IDENTITY = "iPhone Developer";
				"CODE_SIGN_IDENTITY[sdk=*]" = "iPhone Developer";
				CODE_SIGN_STYLE = Automatic;
				CURRENT_PROJECT_VERSION = 14;
				DEVELOPMENT_TEAM = 2Y7PPXA97Y;
				INFOPLIST_FILE = ClassesApp/Info.plist;
				LD_RUNPATH_SEARCH_PATHS = (
					"$(inherited)",
					"@executable_path/Frameworks",
				);
				PRODUCT_BUNDLE_IDENTIFIER = com.darrelmuonekwu.ClassesApp;
				PRODUCT_NAME = TrackMy;
				PROVISIONING_PROFILE_SPECIFIER = "";
				SWIFT_VERSION = 5.0;
				TARGETED_DEVICE_FAMILY = 1;
			};
			name = Release;
		};
		9A9472D5242C1E7C004927DD /* Debug */ = {
			isa = XCBuildConfiguration;
			baseConfigurationReference = F332B3B0C8712692DA7AF6B0 /* Pods-ClassesAppTests.debug.xcconfig */;
			buildSettings = {
				ALWAYS_EMBED_SWIFT_STANDARD_LIBRARIES = YES;
				BUNDLE_LOADER = "$(TEST_HOST)";
				CODE_SIGN_STYLE = Automatic;
				DEVELOPMENT_TEAM = 2Y7PPXA97Y;
				INFOPLIST_FILE = ClassesAppTests/Info.plist;
				IPHONEOS_DEPLOYMENT_TARGET = 13.2;
				LD_RUNPATH_SEARCH_PATHS = (
					"$(inherited)",
					"@executable_path/Frameworks",
					"@loader_path/Frameworks",
				);
				PRODUCT_BUNDLE_IDENTIFIER = com.darrelmuonekwu.ClassesAppTests;
				PRODUCT_NAME = "$(TARGET_NAME)";
				SWIFT_VERSION = 5.0;
				TARGETED_DEVICE_FAMILY = "1,2";
				TEST_HOST = "$(BUILT_PRODUCTS_DIR)/ClassesApp.app/ClassesApp";
			};
			name = Debug;
		};
		9A9472D6242C1E7C004927DD /* Release */ = {
			isa = XCBuildConfiguration;
			baseConfigurationReference = 23F45C00119B7A7A5143428F /* Pods-ClassesAppTests.release.xcconfig */;
			buildSettings = {
				ALWAYS_EMBED_SWIFT_STANDARD_LIBRARIES = YES;
				BUNDLE_LOADER = "$(TEST_HOST)";
				CODE_SIGN_STYLE = Automatic;
				DEVELOPMENT_TEAM = 2Y7PPXA97Y;
				INFOPLIST_FILE = ClassesAppTests/Info.plist;
				IPHONEOS_DEPLOYMENT_TARGET = 13.2;
				LD_RUNPATH_SEARCH_PATHS = (
					"$(inherited)",
					"@executable_path/Frameworks",
					"@loader_path/Frameworks",
				);
				PRODUCT_BUNDLE_IDENTIFIER = com.darrelmuonekwu.ClassesAppTests;
				PRODUCT_NAME = "$(TARGET_NAME)";
				SWIFT_VERSION = 5.0;
				TARGETED_DEVICE_FAMILY = "1,2";
				TEST_HOST = "$(BUILT_PRODUCTS_DIR)/ClassesApp.app/ClassesApp";
			};
			name = Release;
		};
		9A9472D8242C1E7C004927DD /* Debug */ = {
			isa = XCBuildConfiguration;
			baseConfigurationReference = 48B65ADC6892188AED356833 /* Pods-ClassesApp-ClassesAppUITests.debug.xcconfig */;
			buildSettings = {
				ALWAYS_EMBED_SWIFT_STANDARD_LIBRARIES = YES;
				CODE_SIGN_STYLE = Automatic;
				DEVELOPMENT_TEAM = 2Y7PPXA97Y;
				INFOPLIST_FILE = ClassesAppUITests/Info.plist;
				LD_RUNPATH_SEARCH_PATHS = (
					"$(inherited)",
					"@executable_path/Frameworks",
					"@loader_path/Frameworks",
				);
				PRODUCT_BUNDLE_IDENTIFIER = com.darrelmuonekwu.ClassesAppUITests;
				PRODUCT_NAME = "$(TARGET_NAME)";
				SWIFT_VERSION = 5.0;
				TARGETED_DEVICE_FAMILY = "1,2";
				TEST_TARGET_NAME = ClassesApp;
			};
			name = Debug;
		};
		9A9472D9242C1E7C004927DD /* Release */ = {
			isa = XCBuildConfiguration;
			baseConfigurationReference = 63C55CBE6537EF5E0009091C /* Pods-ClassesApp-ClassesAppUITests.release.xcconfig */;
			buildSettings = {
				ALWAYS_EMBED_SWIFT_STANDARD_LIBRARIES = YES;
				CODE_SIGN_STYLE = Automatic;
				DEVELOPMENT_TEAM = 2Y7PPXA97Y;
				INFOPLIST_FILE = ClassesAppUITests/Info.plist;
				LD_RUNPATH_SEARCH_PATHS = (
					"$(inherited)",
					"@executable_path/Frameworks",
					"@loader_path/Frameworks",
				);
				PRODUCT_BUNDLE_IDENTIFIER = com.darrelmuonekwu.ClassesAppUITests;
				PRODUCT_NAME = "$(TARGET_NAME)";
				SWIFT_VERSION = 5.0;
				TARGETED_DEVICE_FAMILY = "1,2";
				TEST_TARGET_NAME = ClassesApp;
			};
			name = Release;
		};
/* End XCBuildConfiguration section */

/* Begin XCConfigurationList section */
		9A9472A2242C1E76004927DD /* Build configuration list for PBXProject "ClassesApp" */ = {
			isa = XCConfigurationList;
			buildConfigurations = (
				9A9472CF242C1E7C004927DD /* Debug */,
				9A9472D0242C1E7C004927DD /* Release */,
			);
			defaultConfigurationIsVisible = 0;
			defaultConfigurationName = Release;
		};
		9A9472D1242C1E7C004927DD /* Build configuration list for PBXNativeTarget "ClassesApp" */ = {
			isa = XCConfigurationList;
			buildConfigurations = (
				9A9472D2242C1E7C004927DD /* Debug */,
				9A9472D3242C1E7C004927DD /* Release */,
			);
			defaultConfigurationIsVisible = 0;
			defaultConfigurationName = Release;
		};
		9A9472D4242C1E7C004927DD /* Build configuration list for PBXNativeTarget "ClassesAppTests" */ = {
			isa = XCConfigurationList;
			buildConfigurations = (
				9A9472D5242C1E7C004927DD /* Debug */,
				9A9472D6242C1E7C004927DD /* Release */,
			);
			defaultConfigurationIsVisible = 0;
			defaultConfigurationName = Release;
		};
		9A9472D7242C1E7C004927DD /* Build configuration list for PBXNativeTarget "ClassesAppUITests" */ = {
			isa = XCConfigurationList;
			buildConfigurations = (
				9A9472D8242C1E7C004927DD /* Debug */,
				9A9472D9242C1E7C004927DD /* Release */,
			);
			defaultConfigurationIsVisible = 0;
			defaultConfigurationName = Release;
		};
/* End XCConfigurationList section */
	};
	rootObject = 9A94729F242C1E76004927DD /* Project object */;
}
